
Microsoft Visual Studio Solution File, Format Version 12.00
# Visual Studio Version 17
VisualStudioVersion = 17.4.33122.133
MinimumVisualStudioVersion = 10.0.40219.1
Project("{9A19103F-16F7-4668-BE54-9A1E7A4F7556}") = "MoonlightPGR", "MoonlightPGR.csproj", "{9062726B-8081-4F72-984F-7DA8DB89D1AA}"
EndProject
Global
	GlobalSection(SolutionConfigurationPlatforms) = preSolution
		Debug|Any CPU = Debug|Any CPU
		Release|Any CPU = Release|Any CPU
	EndGlobalSection
	GlobalSection(ProjectConfigurationPlatforms) = postSolution
		{9062726B-8081-4F72-984F-7DA8DB89D1AA}.Debug|Any CPU.ActiveCfg = Debug|Any CPU
		{9062726B-8081-4F72-984F-7DA8DB89D1AA}.Debug|Any CPU.Build.0 = Debug|Any CPU
		{9062726B-8081-4F72-984F-7DA8DB89D1AA}.Release|Any CPU.ActiveCfg = Release|Any CPU
		{9062726B-8081-4F72-984F-7DA8DB89D1AA}.Release|Any CPU.Build.0 = Release|Any CPU
	EndGlobalSection
	GlobalSection(SolutionProperties) = preSolution
		HideSolutionNode = FALSE
	EndGlobalSection
	GlobalSection(ExtensibilityGlobals) = postSolution
		SolutionGuid = {190CDB6E-7121-488F-B770-F6756BA8D239}
	EndGlobalSection
EndGlobal
